
Microsoft Visual Studio Solution File, Format Version 12.00
# Visual Studio Version 17
VisualStudioVersion = 17.0.32014.148
MinimumVisualStudioVersion = 10.0.40219.1
Project("{9A19103F-16F7-4668-BE54-9A1E7A4F7556}") = "HiSql", "HiSql\HiSql.csproj", "{CA8150B8-C051-4DA4-A2E3-D0CF550321E5}"
EndProject
Project("{9A19103F-16F7-4668-BE54-9A1E7A4F7556}") = "HiSql.SqlServer", "HiSql.SqlServer\HiSql.SqlServer.csproj", "{6F634250-F215-4407-9F5E-4713D2E37D88}"
EndProject
Project("{9A19103F-16F7-4668-BE54-9A1E7A4F7556}") = "HiSql.Hana", "HiSql.Hana\HiSql.Hana.csproj", "{755E1DE4-1364-4F15-8841-83983DB39C47}"
EndProject
Project("{9A19103F-16F7-4668-BE54-9A1E7A4F7556}") = "HiSql.MySql", "HiSql.MySql\HiSql.MySql.csproj", "{A956321E-C59B-4FCD-8ED8-F74F997CAB86}"
EndProject
Project("{9A19103F-16F7-4668-BE54-9A1E7A4F7556}") = "HiSql.Oracle", "HiSql.Oracle\HiSql.Oracle.csproj", "{1BAF04B4-7038-441A-B892-DDB3D0BAD506}"
EndProject
Project("{9A19103F-16F7-4668-BE54-9A1E7A4F7556}") = "HiSql.PostGreSql", "HiSql.PostGreSql\HiSql.PostGreSql.csproj", "{2E1A94E3-92E7-437D-8A8B-2ED2C0CD7ABF}"
EndProject
Project("{2150E333-8FDC-42A3-9474-1A3956D46DE8}") = "HiSql.Extension", "HiSql.Extension", "{045DC594-A170-4FC0-8539-B497334BBF34}"
EndProject
Project("{9A19103F-16F7-4668-BE54-9A1E7A4F7556}") = "HiSql.Excel", "HiSql.Extension\HiSql.Excel\HiSql.Excel.csproj", "{53209EF7-0829-4C01-88CB-B1F90114401F}"
EndProject
Project("{9A19103F-16F7-4668-BE54-9A1E7A4F7556}") = "HiSql.Excel.Test", "HiSql.Extension\HiSql.Excel.Demo\HiSql.Excel.Test.csproj", "{14ABDDEA-33D2-4E43-90F7-4EB9CCE3E07F}"
EndProject
Project("{9A19103F-16F7-4668-BE54-9A1E7A4F7556}") = "HiSql.DaMeng", "HiSql.DaMeng\HiSql.DaMeng.csproj", "{073266E8-9C20-4774-88B9-3F1028B148ED}"
EndProject
Project("{9A19103F-16F7-4668-BE54-9A1E7A4F7556}") = "HiSql.Sqlite", "HiSql.SQLite\HiSql.Sqlite.csproj", "{47548BB1-5331-4B39-83FD-ECA78530E166}"
EndProject
Project("{2150E333-8FDC-42A3-9474-1A3956D46DE8}") = "HiSql.Demo", "HiSql.Demo", "{822C0369-5962-4DEA-A73C-198B287E4B6F}"
EndProject
Project("{9A19103F-16F7-4668-BE54-9A1E7A4F7556}") = "HiSql.SqlServerUnitTest", "HiSql.Demo\HiSql.SqlServerUnitTest\HiSql.SqlServerUnitTest.csproj", "{2E4A8655-0A50-485D-8AFC-B64C633B7EBC}"
EndProject
Project("{9A19103F-16F7-4668-BE54-9A1E7A4F7556}") = "HiSql.SqliteUnitTest", "HiSql.Demo\HiSql.SQLiteUnitTest\HiSql.SqliteUnitTest.csproj", "{928AE37C-C3D7-4994-8356-21DA323F8BBD}"
EndProject
Project("{9A19103F-16F7-4668-BE54-9A1E7A4F7556}") = "HiSql.PostGreSqlUnitTest", "HiSql.Demo\HiSql.PostGreSqlUnitTest\HiSql.PostGreSqlUnitTest.csproj", "{20892FB8-2667-4CE5-9933-1F673DBA579C}"
EndProject
Project("{9A19103F-16F7-4668-BE54-9A1E7A4F7556}") = "HiSql.OralceUnitTest", "HiSql.Demo\HiSql.OralceUnitTest\HiSql.OralceUnitTest.csproj", "{9CE50FB1-A8E3-4993-8E74-FEA0D47B30CB}"
EndProject
Project("{9A19103F-16F7-4668-BE54-9A1E7A4F7556}") = "HiSql.MySqlUnitTest", "HiSql.Demo\HiSql.MySqlUnitTest\HiSql.MySqlUnitTest.csproj", "{E9AAB7A9-F1CD-4A9F-AF2D-808CF450F794}"
EndProject
Project("{9A19103F-16F7-4668-BE54-9A1E7A4F7556}") = "HiSql.HanaUnitTest", "HiSql.Demo\HiSql.HanaUnitTest\HiSql.HanaUnitTest\HiSql.HanaUnitTest.csproj", "{A95AE04D-6100-4C52-A3A8-21341AF9ED7C}"
EndProject
Project("{9A19103F-16F7-4668-BE54-9A1E7A4F7556}") = "HiSql.DaMengUnitTest", "HiSql.Demo\HiSql.DaMengUnitTest\HiSql.DaMengUnitTest.csproj", "{D18C8A8F-7257-44F6-89F9-BCE5B00977CE}"
EndProject
Project("{2150E333-8FDC-42A3-9474-1A3956D46DE8}") = "HiSql.Test", "HiSql.Test", "{2BF7744A-6317-4EB5-B944-5A60807085B7}"
EndProject
Project("{9A19103F-16F7-4668-BE54-9A1E7A4F7556}") = "HiSql.Unit.Test", "HiSql.Test\HiSql.Unit.Test\HiSql.Unit.Test.csproj", "{EE3E93A6-CCF6-472A-AE0A-08B0D45F93E7}"
EndProject
Global
	GlobalSection(SolutionConfigurationPlatforms) = preSolution
		Debug|Any CPU = Debug|Any CPU
		Release|Any CPU = Release|Any CPU
	EndGlobalSection
	GlobalSection(ProjectConfigurationPlatforms) = postSolution
		{CA8150B8-C051-4DA4-A2E3-D0CF550321E5}.Debug|Any CPU.ActiveCfg = Debug|Any CPU
		{CA8150B8-C051-4DA4-A2E3-D0CF550321E5}.Debug|Any CPU.Build.0 = Debug|Any CPU
		{CA8150B8-C051-4DA4-A2E3-D0CF550321E5}.Release|Any CPU.ActiveCfg = Release|Any CPU
		{CA8150B8-C051-4DA4-A2E3-D0CF550321E5}.Release|Any CPU.Build.0 = Release|Any CPU
		{6F634250-F215-4407-9F5E-4713D2E37D88}.Debug|Any CPU.ActiveCfg = Debug|Any CPU
		{6F634250-F215-4407-9F5E-4713D2E37D88}.Debug|Any CPU.Build.0 = Debug|Any CPU
		{6F634250-F215-4407-9F5E-4713D2E37D88}.Release|Any CPU.ActiveCfg = Release|Any CPU
		{6F634250-F215-4407-9F5E-4713D2E37D88}.Release|Any CPU.Build.0 = Release|Any CPU
		{755E1DE4-1364-4F15-8841-83983DB39C47}.Debug|Any CPU.ActiveCfg = Debug|Any CPU
		{755E1DE4-1364-4F15-8841-83983DB39C47}.Debug|Any CPU.Build.0 = Debug|Any CPU
		{755E1DE4-1364-4F15-8841-83983DB39C47}.Release|Any CPU.ActiveCfg = Release|Any CPU
		{755E1DE4-1364-4F15-8841-83983DB39C47}.Release|Any CPU.Build.0 = Release|Any CPU
		{A956321E-C59B-4FCD-8ED8-F74F997CAB86}.Debug|Any CPU.ActiveCfg = Debug|Any CPU
		{A956321E-C59B-4FCD-8ED8-F74F997CAB86}.Debug|Any CPU.Build.0 = Debug|Any CPU
		{A956321E-C59B-4FCD-8ED8-F74F997CAB86}.Release|Any CPU.ActiveCfg = Release|Any CPU
		{A956321E-C59B-4FCD-8ED8-F74F997CAB86}.Release|Any CPU.Build.0 = Release|Any CPU
		{1BAF04B4-7038-441A-B892-DDB3D0BAD506}.Debug|Any CPU.ActiveCfg = Debug|Any CPU
		{1BAF04B4-7038-441A-B892-DDB3D0BAD506}.Debug|Any CPU.Build.0 = Debug|Any CPU
		{1BAF04B4-7038-441A-B892-DDB3D0BAD506}.Release|Any CPU.ActiveCfg = Release|Any CPU
		{1BAF04B4-7038-441A-B892-DDB3D0BAD506}.Release|Any CPU.Build.0 = Release|Any CPU
		{2E1A94E3-92E7-437D-8A8B-2ED2C0CD7ABF}.Debug|Any CPU.ActiveCfg = Debug|Any CPU
		{2E1A94E3-92E7-437D-8A8B-2ED2C0CD7ABF}.Debug|Any CPU.Build.0 = Debug|Any CPU
		{2E1A94E3-92E7-437D-8A8B-2ED2C0CD7ABF}.Release|Any CPU.ActiveCfg = Release|Any CPU
		{2E1A94E3-92E7-437D-8A8B-2ED2C0CD7ABF}.Release|Any CPU.Build.0 = Release|Any CPU
		{53209EF7-0829-4C01-88CB-B1F90114401F}.Debug|Any CPU.ActiveCfg = Debug|Any CPU
		{53209EF7-0829-4C01-88CB-B1F90114401F}.Debug|Any CPU.Build.0 = Debug|Any CPU
		{53209EF7-0829-4C01-88CB-B1F90114401F}.Release|Any CPU.ActiveCfg = Release|Any CPU
		{53209EF7-0829-4C01-88CB-B1F90114401F}.Release|Any CPU.Build.0 = Release|Any CPU
		{14ABDDEA-33D2-4E43-90F7-4EB9CCE3E07F}.Debug|Any CPU.ActiveCfg = Debug|Any CPU
		{14ABDDEA-33D2-4E43-90F7-4EB9CCE3E07F}.Debug|Any CPU.Build.0 = Debug|Any CPU
		{14ABDDEA-33D2-4E43-90F7-4EB9CCE3E07F}.Release|Any CPU.ActiveCfg = Release|Any CPU
		{14ABDDEA-33D2-4E43-90F7-4EB9CCE3E07F}.Release|Any CPU.Build.0 = Release|Any CPU
		{073266E8-9C20-4774-88B9-3F1028B148ED}.Debug|Any CPU.ActiveCfg = Debug|Any CPU
		{073266E8-9C20-4774-88B9-3F1028B148ED}.Debug|Any CPU.Build.0 = Debug|Any CPU
		{073266E8-9C20-4774-88B9-3F1028B148ED}.Release|Any CPU.ActiveCfg = Release|Any CPU
		{073266E8-9C20-4774-88B9-3F1028B148ED}.Release|Any CPU.Build.0 = Release|Any CPU
		{47548BB1-5331-4B39-83FD-ECA78530E166}.Debug|Any CPU.ActiveCfg = Debug|Any CPU
		{47548BB1-5331-4B39-83FD-ECA78530E166}.Debug|Any CPU.Build.0 = Debug|Any CPU
		{47548BB1-5331-4B39-83FD-ECA78530E166}.Release|Any CPU.ActiveCfg = Release|Any CPU
		{47548BB1-5331-4B39-83FD-ECA78530E166}.Release|Any CPU.Build.0 = Release|Any CPU
		{2E4A8655-0A50-485D-8AFC-B64C633B7EBC}.Debug|Any CPU.ActiveCfg = Debug|Any CPU
		{2E4A8655-0A50-485D-8AFC-B64C633B7EBC}.Debug|Any CPU.Build.0 = Debug|Any CPU
		{2E4A8655-0A50-485D-8AFC-B64C633B7EBC}.Release|Any CPU.ActiveCfg = Release|Any CPU
		{2E4A8655-0A50-485D-8AFC-B64C633B7EBC}.Release|Any CPU.Build.0 = Release|Any CPU
		{928AE37C-C3D7-4994-8356-21DA323F8BBD}.Debug|Any CPU.ActiveCfg = Debug|Any CPU
		{928AE37C-C3D7-4994-8356-21DA323F8BBD}.Debug|Any CPU.Build.0 = Debug|Any CPU
		{928AE37C-C3D7-4994-8356-21DA323F8BBD}.Release|Any CPU.ActiveCfg = Release|Any CPU
		{928AE37C-C3D7-4994-8356-21DA323F8BBD}.Release|Any CPU.Build.0 = Release|Any CPU
		{20892FB8-2667-4CE5-9933-1F673DBA579C}.Debug|Any CPU.ActiveCfg = Debug|Any CPU
		{20892FB8-2667-4CE5-9933-1F673DBA579C}.Debug|Any CPU.Build.0 = Debug|Any CPU
		{20892FB8-2667-4CE5-9933-1F673DBA579C}.Release|Any CPU.ActiveCfg = Release|Any CPU
		{20892FB8-2667-4CE5-9933-1F673DBA579C}.Release|Any CPU.Build.0 = Release|Any CPU
		{9CE50FB1-A8E3-4993-8E74-FEA0D47B30CB}.Debug|Any CPU.ActiveCfg = Debug|Any CPU
		{9CE50FB1-A8E3-4993-8E74-FEA0D47B30CB}.Debug|Any CPU.Build.0 = Debug|Any CPU
		{9CE50FB1-A8E3-4993-8E74-FEA0D47B30CB}.Release|Any CPU.ActiveCfg = Release|Any CPU
		{9CE50FB1-A8E3-4993-8E74-FEA0D47B30CB}.Release|Any CPU.Build.0 = Release|Any CPU
		{E9AAB7A9-F1CD-4A9F-AF2D-808CF450F794}.Debug|Any CPU.ActiveCfg = Debug|Any CPU
		{E9AAB7A9-F1CD-4A9F-AF2D-808CF450F794}.Debug|Any CPU.Build.0 = Debug|Any CPU
		{E9AAB7A9-F1CD-4A9F-AF2D-808CF450F794}.Release|Any CPU.ActiveCfg = Release|Any CPU
		{E9AAB7A9-F1CD-4A9F-AF2D-808CF450F794}.Release|Any CPU.Build.0 = Release|Any CPU
		{A95AE04D-6100-4C52-A3A8-21341AF9ED7C}.Debug|Any CPU.ActiveCfg = Debug|Any CPU
		{A95AE04D-6100-4C52-A3A8-21341AF9ED7C}.Debug|Any CPU.Build.0 = Debug|Any CPU
		{A95AE04D-6100-4C52-A3A8-21341AF9ED7C}.Release|Any CPU.ActiveCfg = Release|Any CPU
		{A95AE04D-6100-4C52-A3A8-21341AF9ED7C}.Release|Any CPU.Build.0 = Release|Any CPU
		{D18C8A8F-7257-44F6-89F9-BCE5B00977CE}.Debug|Any CPU.ActiveCfg = Debug|Any CPU
		{D18C8A8F-7257-44F6-89F9-BCE5B00977CE}.Debug|Any CPU.Build.0 = Debug|Any CPU
		{D18C8A8F-7257-44F6-89F9-BCE5B00977CE}.Release|Any CPU.ActiveCfg = Release|Any CPU
		{D18C8A8F-7257-44F6-89F9-BCE5B00977CE}.Release|Any CPU.Build.0 = Release|Any CPU
		{EE3E93A6-CCF6-472A-AE0A-08B0D45F93E7}.Debug|Any CPU.ActiveCfg = Debug|Any CPU
		{EE3E93A6-CCF6-472A-AE0A-08B0D45F93E7}.Debug|Any CPU.Build.0 = Debug|Any CPU
		{EE3E93A6-CCF6-472A-AE0A-08B0D45F93E7}.Release|Any CPU.ActiveCfg = Release|Any CPU
		{EE3E93A6-CCF6-472A-AE0A-08B0D45F93E7}.Release|Any CPU.Build.0 = Release|Any CPU
	EndGlobalSection
	GlobalSection(SolutionProperties) = preSolution
		HideSolutionNode = FALSE
	EndGlobalSection
	GlobalSection(NestedProjects) = preSolution
		{53209EF7-0829-4C01-88CB-B1F90114401F} = {045DC594-A170-4FC0-8539-B497334BBF34}
		{14ABDDEA-33D2-4E43-90F7-4EB9CCE3E07F} = {045DC594-A170-4FC0-8539-B497334BBF34}
		{2E4A8655-0A50-485D-8AFC-B64C633B7EBC} = {822C0369-5962-4DEA-A73C-198B287E4B6F}
		{928AE37C-C3D7-4994-8356-21DA323F8BBD} = {822C0369-5962-4DEA-A73C-198B287E4B6F}
		{20892FB8-2667-4CE5-9933-1F673DBA579C} = {822C0369-5962-4DEA-A73C-198B287E4B6F}
		{9CE50FB1-A8E3-4993-8E74-FEA0D47B30CB} = {822C0369-5962-4DEA-A73C-198B287E4B6F}
		{E9AAB7A9-F1CD-4A9F-AF2D-808CF450F794} = {822C0369-5962-4DEA-A73C-198B287E4B6F}
		{A95AE04D-6100-4C52-A3A8-21341AF9ED7C} = {822C0369-5962-4DEA-A73C-198B287E4B6F}
		{D18C8A8F-7257-44F6-89F9-BCE5B00977CE} = {822C0369-5962-4DEA-A73C-198B287E4B6F}
		{EE3E93A6-CCF6-472A-AE0A-08B0D45F93E7} = {2BF7744A-6317-4EB5-B944-5A60807085B7}
	EndGlobalSection
	GlobalSection(ExtensibilityGlobals) = postSolution
		SolutionGuid = {B9C035B8-4C64-4997-8777-A0FAD4554779}
	EndGlobalSection
EndGlobal
