
Microsoft Visual Studio Solution File, Format Version 12.00
# Visual Studio Version 17
VisualStudioVersion = 17.2.32616.157
MinimumVisualStudioVersion = 10.0.40219.1
Project("{9A19103F-16F7-4668-BE54-9A1E7A4F7556}") = "TestProject", "TestProject.csproj", "{13C14369-6B92-40BE-ADBD-EC01F3B287AF}"
EndProject
Global
	GlobalSection(SolutionConfigurationPlatforms) = preSolution
		Debug|Any CPU = Debug|Any CPU
		Release|Any CPU = Release|Any CPU
	EndGlobalSection
	GlobalSection(ProjectConfigurationPlatforms) = postSolution
		{13C14369-6B92-40BE-ADBD-EC01F3B287AF}.Debug|Any CPU.ActiveCfg = Debug|Any CPU
		{13C14369-6B92-40BE-ADBD-EC01F3B287AF}.Debug|Any CPU.Build.0 = Debug|Any CPU
		{13C14369-6B92-40BE-ADBD-EC01F3B287AF}.Release|Any CPU.ActiveCfg = Release|Any CPU
		{13C14369-6B92-40BE-ADBD-EC01F3B287AF}.Release|Any CPU.Build.0 = Release|Any CPU
	EndGlobalSection
	GlobalSection(SolutionProperties) = preSolution
		HideSolutionNode = FALSE
	EndGlobalSection
	GlobalSection(ExtensibilityGlobals) = postSolution
		SolutionGuid = {3430F93E-1ABC-42BB-8B32-6BA23AA3BF3C}
	EndGlobalSection
EndGlobal
